
Microsoft Visual Studio Solution File, Format Version 12.00
Project("{FAE04EC0-301F-11D3-BF4B-00C04F79EFBC}") = "API", "API\API.csproj", "{FD17827F-6362-4F0E-9A9D-ADFBC79EBFB5}"
EndProject
Global
	GlobalSection(SolutionConfigurationPlatforms) = preSolution
		Debug|Any CPU = Debug|Any CPU
		Release|Any CPU = Release|Any CPU
	EndGlobalSection
	GlobalSection(ProjectConfigurationPlatforms) = postSolution
		{FD17827F-6362-4F0E-9A9D-ADFBC79EBFB5}.Debug|Any CPU.ActiveCfg = Debug|Any CPU
		{FD17827F-6362-4F0E-9A9D-ADFBC79EBFB5}.Debug|Any CPU.Build.0 = Debug|Any CPU
		{FD17827F-6362-4F0E-9A9D-ADFBC79EBFB5}.Release|Any CPU.ActiveCfg = Release|Any CPU
		{FD17827F-6362-4F0E-9A9D-ADFBC79EBFB5}.Release|Any CPU.Build.0 = Release|Any CPU
	EndGlobalSection
EndGlobal
